
Microsoft Visual Studio Solution File, Format Version 12.00
# Visual Studio Version 17
VisualStudioVersion = 17.11.35219.272
MinimumVisualStudioVersion = 10.0.40219.1
Project("{FAE04EC0-301F-11D3-BF4B-00C04F79EFBC}") = "BaiTap1", "BaiTap1\BaiTap1.csproj", "{F419062F-4094-4C5C-AC73-33BEACF9EBF5}"
EndProject
Global
	GlobalSection(SolutionConfigurationPlatforms) = preSolution
		Debug|Any CPU = Debug|Any CPU
		Release|Any CPU = Release|Any CPU
	EndGlobalSection
	GlobalSection(ProjectConfigurationPlatforms) = postSolution
		{F419062F-4094-4C5C-AC73-33BEACF9EBF5}.Debug|Any CPU.ActiveCfg = Debug|Any CPU
		{F419062F-4094-4C5C-AC73-33BEACF9EBF5}.Debug|Any CPU.Build.0 = Debug|Any CPU
		{F419062F-4094-4C5C-AC73-33BEACF9EBF5}.Release|Any CPU.ActiveCfg = Release|Any CPU
		{F419062F-4094-4C5C-AC73-33BEACF9EBF5}.Release|Any CPU.Build.0 = Release|Any CPU
	EndGlobalSection
	GlobalSection(SolutionProperties) = preSolution
		HideSolutionNode = FALSE
	EndGlobalSection
	GlobalSection(ExtensibilityGlobals) = postSolution
		SolutionGuid = {ECDE3802-D683-483E-9930-26AD32CC7C77}
	EndGlobalSection
EndGlobal
